
Microsoft Visual Studio Solution File, Format Version 12.00
# Visual Studio Version 17
VisualStudioVersion = 17.8.34309.116
MinimumVisualStudioVersion = 10.0.40219.1
Project("{FAE04EC0-301F-11D3-BF4B-00C04F79EFBC}") = "ticTacToe", "ticTacToe.csproj", "{FBE4C5DF-0149-42E9-85ED-17C9D777F998}"
EndProject
Global
	GlobalSection(SolutionConfigurationPlatforms) = preSolution
		Debug|Any CPU = Debug|Any CPU
		Release|Any CPU = Release|Any CPU
	EndGlobalSection
	GlobalSection(ProjectConfigurationPlatforms) = postSolution
		{FBE4C5DF-0149-42E9-85ED-17C9D777F998}.Debug|Any CPU.ActiveCfg = Debug|Any CPU
		{FBE4C5DF-0149-42E9-85ED-17C9D777F998}.Debug|Any CPU.Build.0 = Debug|Any CPU
		{FBE4C5DF-0149-42E9-85ED-17C9D777F998}.Release|Any CPU.ActiveCfg = Release|Any CPU
		{FBE4C5DF-0149-42E9-85ED-17C9D777F998}.Release|Any CPU.Build.0 = Release|Any CPU
	EndGlobalSection
	GlobalSection(SolutionProperties) = preSolution
		HideSolutionNode = FALSE
	EndGlobalSection
	GlobalSection(ExtensibilityGlobals) = postSolution
		SolutionGuid = {0550E961-6690-4CA6-AC02-145BFA2365C2}
	EndGlobalSection
EndGlobal
